
Microsoft Visual Studio Solution File, Format Version 12.00
# Visual Studio Version 17
VisualStudioVersion = 17.0.32112.339
MinimumVisualStudioVersion = 10.0.40219.1
Project("{F184B08F-C81C-45F6-A57F-5ABD9991F28F}") = "201900978_Tienda", "201900978_Tienda.vbproj", "{CF01DC3B-B4B5-462F-9D3E-D264C9D52772}"
EndProject
Global
	GlobalSection(SolutionConfigurationPlatforms) = preSolution
		Debug|Any CPU = Debug|Any CPU
		Release|Any CPU = Release|Any CPU
	EndGlobalSection
	GlobalSection(ProjectConfigurationPlatforms) = postSolution
		{CF01DC3B-B4B5-462F-9D3E-D264C9D52772}.Debug|Any CPU.ActiveCfg = Debug|Any CPU
		{CF01DC3B-B4B5-462F-9D3E-D264C9D52772}.Debug|Any CPU.Build.0 = Debug|Any CPU
		{CF01DC3B-B4B5-462F-9D3E-D264C9D52772}.Release|Any CPU.ActiveCfg = Release|Any CPU
		{CF01DC3B-B4B5-462F-9D3E-D264C9D52772}.Release|Any CPU.Build.0 = Release|Any CPU
	EndGlobalSection
	GlobalSection(SolutionProperties) = preSolution
		HideSolutionNode = FALSE
	EndGlobalSection
	GlobalSection(ExtensibilityGlobals) = postSolution
		SolutionGuid = {357D20DF-8860-4E4C-A6A9-DF7583A5816E}
	EndGlobalSection
EndGlobal
